
Microsoft Visual Studio Solution File, Format Version 12.00
# Visual Studio Version 16
VisualStudioVersion = 16.0.29806.167
MinimumVisualStudioVersion = 10.0.40219.1
Project("{FAE04EC0-301F-11D3-BF4B-00C04F79EFBC}") = "ReUse_Net", "ReUse_Net\ReUse_Net.csproj", "{55B8B70A-EB58-4889-A453-FE1421BE25D7}"
EndProject
Project("{2150E333-8FDC-42A3-9474-1A3956D46DE8}") = "Frameworks", "Frameworks", "{C64ED8D8-EFFB-462D-BB12-54F7604BC962}"
EndProject
Project("{FAE04EC0-301F-11D3-BF4B-00C04F79EFBC}") = "ReUse_UWP", "ReUse_UWP\ReUse_UWP.csproj", "{4609C52A-9814-4E6B-A5DC-542C28149FDA}"
EndProject
Project("{9A19103F-16F7-4668-BE54-9A1E7A4F7556}") = "ReUse_Std", "ReUse_Std\ReUse_Std.csproj", "{4648A08A-DEC9-4FB5-8925-1E00EB343272}"
EndProject
Project("{2150E333-8FDC-42A3-9474-1A3956D46DE8}") = "Testing", "Testing", "{7EF12790-CBAA-40B8-A022-2F34C76CB4A1}"
EndProject
Project("{2150E333-8FDC-42A3-9474-1A3956D46DE8}") = "SampleApps", "SampleApps", "{F6374955-4867-4BDC-8FC6-53F7C8E30599}"
EndProject
Project("{2150E333-8FDC-42A3-9474-1A3956D46DE8}") = "Tests", "Tests", "{B1BDE529-65E7-4685-85B6-3C2224797206}"
EndProject
Project("{FAE04EC0-301F-11D3-BF4B-00C04F79EFBC}") = "TestCoreConsole", "TestCoreConsole\TestCoreConsole.csproj", "{E0AFAE1E-675B-4004-B840-A557FADDD18F}"
EndProject
Project("{FAE04EC0-301F-11D3-BF4B-00C04F79EFBC}") = "ReUse_Core", "ReUse_Core\ReUse_Core.csproj", "{413E5DC6-6A3F-4BEB-91B8-B5B74218BF87}"
EndProject
Global
	GlobalSection(SolutionConfigurationPlatforms) = preSolution
		Debug|Any CPU = Debug|Any CPU
		Debug|ARM = Debug|ARM
		Debug|ARM64 = Debug|ARM64
		Debug|x64 = Debug|x64
		Debug|x86 = Debug|x86
		Release|Any CPU = Release|Any CPU
		Release|ARM = Release|ARM
		Release|ARM64 = Release|ARM64
		Release|x64 = Release|x64
		Release|x86 = Release|x86
	EndGlobalSection
	GlobalSection(ProjectConfigurationPlatforms) = postSolution
		{55B8B70A-EB58-4889-A453-FE1421BE25D7}.Debug|Any CPU.ActiveCfg = Debug|Any CPU
		{55B8B70A-EB58-4889-A453-FE1421BE25D7}.Debug|Any CPU.Build.0 = Debug|Any CPU
		{55B8B70A-EB58-4889-A453-FE1421BE25D7}.Debug|ARM.ActiveCfg = Debug|Any CPU
		{55B8B70A-EB58-4889-A453-FE1421BE25D7}.Debug|ARM.Build.0 = Debug|Any CPU
		{55B8B70A-EB58-4889-A453-FE1421BE25D7}.Debug|ARM64.ActiveCfg = Debug|Any CPU
		{55B8B70A-EB58-4889-A453-FE1421BE25D7}.Debug|ARM64.Build.0 = Debug|Any CPU
		{55B8B70A-EB58-4889-A453-FE1421BE25D7}.Debug|x64.ActiveCfg = Debug|Any CPU
		{55B8B70A-EB58-4889-A453-FE1421BE25D7}.Debug|x64.Build.0 = Debug|Any CPU
		{55B8B70A-EB58-4889-A453-FE1421BE25D7}.Debug|x86.ActiveCfg = Debug|Any CPU
		{55B8B70A-EB58-4889-A453-FE1421BE25D7}.Debug|x86.Build.0 = Debug|Any CPU
		{55B8B70A-EB58-4889-A453-FE1421BE25D7}.Release|Any CPU.ActiveCfg = Release|Any CPU
		{55B8B70A-EB58-4889-A453-FE1421BE25D7}.Release|Any CPU.Build.0 = Release|Any CPU
		{55B8B70A-EB58-4889-A453-FE1421BE25D7}.Release|ARM.ActiveCfg = Release|Any CPU
		{55B8B70A-EB58-4889-A453-FE1421BE25D7}.Release|ARM.Build.0 = Release|Any CPU
		{55B8B70A-EB58-4889-A453-FE1421BE25D7}.Release|ARM64.ActiveCfg = Release|Any CPU
		{55B8B70A-EB58-4889-A453-FE1421BE25D7}.Release|ARM64.Build.0 = Release|Any CPU
		{55B8B70A-EB58-4889-A453-FE1421BE25D7}.Release|x64.ActiveCfg = Release|Any CPU
		{55B8B70A-EB58-4889-A453-FE1421BE25D7}.Release|x64.Build.0 = Release|Any CPU
		{55B8B70A-EB58-4889-A453-FE1421BE25D7}.Release|x86.ActiveCfg = Release|Any CPU
		{55B8B70A-EB58-4889-A453-FE1421BE25D7}.Release|x86.Build.0 = Release|Any CPU
		{4609C52A-9814-4E6B-A5DC-542C28149FDA}.Debug|Any CPU.ActiveCfg = Debug|Any CPU
		{4609C52A-9814-4E6B-A5DC-542C28149FDA}.Debug|Any CPU.Build.0 = Debug|Any CPU
		{4609C52A-9814-4E6B-A5DC-542C28149FDA}.Debug|ARM.ActiveCfg = Debug|ARM
		{4609C52A-9814-4E6B-A5DC-542C28149FDA}.Debug|ARM.Build.0 = Debug|ARM
		{4609C52A-9814-4E6B-A5DC-542C28149FDA}.Debug|ARM64.ActiveCfg = Debug|ARM64
		{4609C52A-9814-4E6B-A5DC-542C28149FDA}.Debug|ARM64.Build.0 = Debug|ARM64
		{4609C52A-9814-4E6B-A5DC-542C28149FDA}.Debug|x64.ActiveCfg = Debug|x64
		{4609C52A-9814-4E6B-A5DC-542C28149FDA}.Debug|x64.Build.0 = Debug|x64
		{4609C52A-9814-4E6B-A5DC-542C28149FDA}.Debug|x86.ActiveCfg = Debug|x86
		{4609C52A-9814-4E6B-A5DC-542C28149FDA}.Debug|x86.Build.0 = Debug|x86
		{4609C52A-9814-4E6B-A5DC-542C28149FDA}.Release|Any CPU.ActiveCfg = Release|Any CPU
		{4609C52A-9814-4E6B-A5DC-542C28149FDA}.Release|Any CPU.Build.0 = Release|Any CPU
		{4609C52A-9814-4E6B-A5DC-542C28149FDA}.Release|ARM.ActiveCfg = Release|ARM
		{4609C52A-9814-4E6B-A5DC-542C28149FDA}.Release|ARM.Build.0 = Release|ARM
		{4609C52A-9814-4E6B-A5DC-542C28149FDA}.Release|ARM64.ActiveCfg = Release|ARM64
		{4609C52A-9814-4E6B-A5DC-542C28149FDA}.Release|ARM64.Build.0 = Release|ARM64
		{4609C52A-9814-4E6B-A5DC-542C28149FDA}.Release|x64.ActiveCfg = Release|x64
		{4609C52A-9814-4E6B-A5DC-542C28149FDA}.Release|x64.Build.0 = Release|x64
		{4609C52A-9814-4E6B-A5DC-542C28149FDA}.Release|x86.ActiveCfg = Release|x86
		{4609C52A-9814-4E6B-A5DC-542C28149FDA}.Release|x86.Build.0 = Release|x86
		{4648A08A-DEC9-4FB5-8925-1E00EB343272}.Debug|Any CPU.ActiveCfg = Debug|Any CPU
		{4648A08A-DEC9-4FB5-8925-1E00EB343272}.Debug|Any CPU.Build.0 = Debug|Any CPU
		{4648A08A-DEC9-4FB5-8925-1E00EB343272}.Debug|ARM.ActiveCfg = Debug|Any CPU
		{4648A08A-DEC9-4FB5-8925-1E00EB343272}.Debug|ARM.Build.0 = Debug|Any CPU
		{4648A08A-DEC9-4FB5-8925-1E00EB343272}.Debug|ARM64.ActiveCfg = Debug|Any CPU
		{4648A08A-DEC9-4FB5-8925-1E00EB343272}.Debug|ARM64.Build.0 = Debug|Any CPU
		{4648A08A-DEC9-4FB5-8925-1E00EB343272}.Debug|x64.ActiveCfg = Debug|Any CPU
		{4648A08A-DEC9-4FB5-8925-1E00EB343272}.Debug|x64.Build.0 = Debug|Any CPU
		{4648A08A-DEC9-4FB5-8925-1E00EB343272}.Debug|x86.ActiveCfg = Debug|Any CPU
		{4648A08A-DEC9-4FB5-8925-1E00EB343272}.Debug|x86.Build.0 = Debug|Any CPU
		{4648A08A-DEC9-4FB5-8925-1E00EB343272}.Release|Any CPU.ActiveCfg = Release|Any CPU
		{4648A08A-DEC9-4FB5-8925-1E00EB343272}.Release|Any CPU.Build.0 = Release|Any CPU
		{4648A08A-DEC9-4FB5-8925-1E00EB343272}.Release|ARM.ActiveCfg = Release|Any CPU
		{4648A08A-DEC9-4FB5-8925-1E00EB343272}.Release|ARM.Build.0 = Release|Any CPU
		{4648A08A-DEC9-4FB5-8925-1E00EB343272}.Release|ARM64.ActiveCfg = Release|Any CPU
		{4648A08A-DEC9-4FB5-8925-1E00EB343272}.Release|ARM64.Build.0 = Release|Any CPU
		{4648A08A-DEC9-4FB5-8925-1E00EB343272}.Release|x64.ActiveCfg = Release|Any CPU
		{4648A08A-DEC9-4FB5-8925-1E00EB343272}.Release|x64.Build.0 = Release|Any CPU
		{4648A08A-DEC9-4FB5-8925-1E00EB343272}.Release|x86.ActiveCfg = Release|Any CPU
		{4648A08A-DEC9-4FB5-8925-1E00EB343272}.Release|x86.Build.0 = Release|Any CPU
		{E0AFAE1E-675B-4004-B840-A557FADDD18F}.Debug|Any CPU.ActiveCfg = Debug|Any CPU
		{E0AFAE1E-675B-4004-B840-A557FADDD18F}.Debug|Any CPU.Build.0 = Debug|Any CPU
		{E0AFAE1E-675B-4004-B840-A557FADDD18F}.Debug|ARM.ActiveCfg = Debug|Any CPU
		{E0AFAE1E-675B-4004-B840-A557FADDD18F}.Debug|ARM.Build.0 = Debug|Any CPU
		{E0AFAE1E-675B-4004-B840-A557FADDD18F}.Debug|ARM64.ActiveCfg = Debug|Any CPU
		{E0AFAE1E-675B-4004-B840-A557FADDD18F}.Debug|ARM64.Build.0 = Debug|Any CPU
		{E0AFAE1E-675B-4004-B840-A557FADDD18F}.Debug|x64.ActiveCfg = Debug|Any CPU
		{E0AFAE1E-675B-4004-B840-A557FADDD18F}.Debug|x64.Build.0 = Debug|Any CPU
		{E0AFAE1E-675B-4004-B840-A557FADDD18F}.Debug|x86.ActiveCfg = Debug|Any CPU
		{E0AFAE1E-675B-4004-B840-A557FADDD18F}.Debug|x86.Build.0 = Debug|Any CPU
		{E0AFAE1E-675B-4004-B840-A557FADDD18F}.Release|Any CPU.ActiveCfg = Release|Any CPU
		{E0AFAE1E-675B-4004-B840-A557FADDD18F}.Release|Any CPU.Build.0 = Release|Any CPU
		{E0AFAE1E-675B-4004-B840-A557FADDD18F}.Release|ARM.ActiveCfg = Release|Any CPU
		{E0AFAE1E-675B-4004-B840-A557FADDD18F}.Release|ARM.Build.0 = Release|Any CPU
		{E0AFAE1E-675B-4004-B840-A557FADDD18F}.Release|ARM64.ActiveCfg = Release|Any CPU
		{E0AFAE1E-675B-4004-B840-A557FADDD18F}.Release|ARM64.Build.0 = Release|Any CPU
		{E0AFAE1E-675B-4004-B840-A557FADDD18F}.Release|x64.ActiveCfg = Release|Any CPU
		{E0AFAE1E-675B-4004-B840-A557FADDD18F}.Release|x64.Build.0 = Release|Any CPU
		{E0AFAE1E-675B-4004-B840-A557FADDD18F}.Release|x86.ActiveCfg = Release|Any CPU
		{E0AFAE1E-675B-4004-B840-A557FADDD18F}.Release|x86.Build.0 = Release|Any CPU
		{413E5DC6-6A3F-4BEB-91B8-B5B74218BF87}.Debug|Any CPU.ActiveCfg = Debug|Any CPU
		{413E5DC6-6A3F-4BEB-91B8-B5B74218BF87}.Debug|Any CPU.Build.0 = Debug|Any CPU
		{413E5DC6-6A3F-4BEB-91B8-B5B74218BF87}.Debug|ARM.ActiveCfg = Debug|Any CPU
		{413E5DC6-6A3F-4BEB-91B8-B5B74218BF87}.Debug|ARM.Build.0 = Debug|Any CPU
		{413E5DC6-6A3F-4BEB-91B8-B5B74218BF87}.Debug|ARM64.ActiveCfg = Debug|Any CPU
		{413E5DC6-6A3F-4BEB-91B8-B5B74218BF87}.Debug|ARM64.Build.0 = Debug|Any CPU
		{413E5DC6-6A3F-4BEB-91B8-B5B74218BF87}.Debug|x64.ActiveCfg = Debug|Any CPU
		{413E5DC6-6A3F-4BEB-91B8-B5B74218BF87}.Debug|x64.Build.0 = Debug|Any CPU
		{413E5DC6-6A3F-4BEB-91B8-B5B74218BF87}.Debug|x86.ActiveCfg = Debug|Any CPU
		{413E5DC6-6A3F-4BEB-91B8-B5B74218BF87}.Debug|x86.Build.0 = Debug|Any CPU
		{413E5DC6-6A3F-4BEB-91B8-B5B74218BF87}.Release|Any CPU.ActiveCfg = Release|Any CPU
		{413E5DC6-6A3F-4BEB-91B8-B5B74218BF87}.Release|Any CPU.Build.0 = Release|Any CPU
		{413E5DC6-6A3F-4BEB-91B8-B5B74218BF87}.Release|ARM.ActiveCfg = Release|Any CPU
		{413E5DC6-6A3F-4BEB-91B8-B5B74218BF87}.Release|ARM.Build.0 = Release|Any CPU
		{413E5DC6-6A3F-4BEB-91B8-B5B74218BF87}.Release|ARM64.ActiveCfg = Release|Any CPU
		{413E5DC6-6A3F-4BEB-91B8-B5B74218BF87}.Release|ARM64.Build.0 = Release|Any CPU
		{413E5DC6-6A3F-4BEB-91B8-B5B74218BF87}.Release|x64.ActiveCfg = Release|Any CPU
		{413E5DC6-6A3F-4BEB-91B8-B5B74218BF87}.Release|x64.Build.0 = Release|Any CPU
		{413E5DC6-6A3F-4BEB-91B8-B5B74218BF87}.Release|x86.ActiveCfg = Release|Any CPU
		{413E5DC6-6A3F-4BEB-91B8-B5B74218BF87}.Release|x86.Build.0 = Release|Any CPU
	EndGlobalSection
	GlobalSection(SolutionProperties) = preSolution
		HideSolutionNode = FALSE
	EndGlobalSection
	GlobalSection(NestedProjects) = preSolution
		{55B8B70A-EB58-4889-A453-FE1421BE25D7} = {C64ED8D8-EFFB-462D-BB12-54F7604BC962}
		{4609C52A-9814-4E6B-A5DC-542C28149FDA} = {C64ED8D8-EFFB-462D-BB12-54F7604BC962}
		{4648A08A-DEC9-4FB5-8925-1E00EB343272} = {C64ED8D8-EFFB-462D-BB12-54F7604BC962}
		{B1BDE529-65E7-4685-85B6-3C2224797206} = {F6374955-4867-4BDC-8FC6-53F7C8E30599}
		{E0AFAE1E-675B-4004-B840-A557FADDD18F} = {B1BDE529-65E7-4685-85B6-3C2224797206}
		{413E5DC6-6A3F-4BEB-91B8-B5B74218BF87} = {C64ED8D8-EFFB-462D-BB12-54F7604BC962}
	EndGlobalSection
	GlobalSection(ExtensibilityGlobals) = postSolution
		SolutionGuid = {8E86BEFE-7B64-4DB8-9172-873DF5B43F33}
	EndGlobalSection
EndGlobal
